
Microsoft Visual Studio Solution File, Format Version 12.00
# Visual Studio Version 17
VisualStudioVersion = 17.7.34003.232
MinimumVisualStudioVersion = 10.0.40219.1
Project("{FAE04EC0-301F-11D3-BF4B-00C04F79EFBC}") = "Cita_Medica", "Cita_Medica\Cita_Medica.csproj", "{B42570B6-6B09-4DCD-9C88-7F4E95612A06}"
EndProject
Global
	GlobalSection(SolutionConfigurationPlatforms) = preSolution
		Debug|Any CPU = Debug|Any CPU
		Release|Any CPU = Release|Any CPU
	EndGlobalSection
	GlobalSection(ProjectConfigurationPlatforms) = postSolution
		{B42570B6-6B09-4DCD-9C88-7F4E95612A06}.Debug|Any CPU.ActiveCfg = Debug|Any CPU
		{B42570B6-6B09-4DCD-9C88-7F4E95612A06}.Debug|Any CPU.Build.0 = Debug|Any CPU
		{B42570B6-6B09-4DCD-9C88-7F4E95612A06}.Release|Any CPU.ActiveCfg = Release|Any CPU
		{B42570B6-6B09-4DCD-9C88-7F4E95612A06}.Release|Any CPU.Build.0 = Release|Any CPU
	EndGlobalSection
	GlobalSection(SolutionProperties) = preSolution
		HideSolutionNode = FALSE
	EndGlobalSection
	GlobalSection(ExtensibilityGlobals) = postSolution
		SolutionGuid = {32FDD59B-CFDB-4210-A16F-A0AD807CA486}
	EndGlobalSection
EndGlobal
